
Microsoft Visual Studio Solution File, Format Version 12.00
# Visual Studio 15
VisualStudioVersion = 15.0.28307.329
MinimumVisualStudioVersion = 10.0.40219.1
Project("{FAE04EC0-301F-11D3-BF4B-00C04F79EFBC}") = "Vego", "Vego\Vego.csproj", "{D5B677F7-E8B3-41B6-9F7E-36988E65601A}"
EndProject
Global
	GlobalSection(SolutionConfigurationPlatforms) = preSolution
		Debug|Any CPU = Debug|Any CPU
		Release|Any CPU = Release|Any CPU
	EndGlobalSection
	GlobalSection(ProjectConfigurationPlatforms) = postSolution
		{D5B677F7-E8B3-41B6-9F7E-36988E65601A}.Debug|Any CPU.ActiveCfg = Debug|Any CPU
		{D5B677F7-E8B3-41B6-9F7E-36988E65601A}.Debug|Any CPU.Build.0 = Debug|Any CPU
		{D5B677F7-E8B3-41B6-9F7E-36988E65601A}.Release|Any CPU.ActiveCfg = Release|Any CPU
		{D5B677F7-E8B3-41B6-9F7E-36988E65601A}.Release|Any CPU.Build.0 = Release|Any CPU
	EndGlobalSection
	GlobalSection(SolutionProperties) = preSolution
		HideSolutionNode = FALSE
	EndGlobalSection
	GlobalSection(ExtensibilityGlobals) = postSolution
		SolutionGuid = {498414C8-03B2-49F8-B8AA-EFAD59BEB808}
	EndGlobalSection
EndGlobal
